
Microsoft Visual Studio Solution File, Format Version 12.00
# Visual Studio 14
VisualStudioVersion = 14.0.24720.0
MinimumVisualStudioVersion = 10.0.40219.1
Project("{FAE04EC0-301F-11D3-BF4B-00C04F79EFBC}") = "EEPA.Api", "EEPA.Api\EEPA.Api.csproj", "{FE199F18-1DAE-44FC-BB5F-EB3DE4DCB299}"
EndProject
Project("{FAE04EC0-301F-11D3-BF4B-00C04F79EFBC}") = "EEPA.Test", "EEPA.Test\EEPA.Test.csproj", "{599C0166-99F0-4FEC-8FA4-6DCCA7251C40}"
EndProject
Project("{FAE04EC0-301F-11D3-BF4B-00C04F79EFBC}") = "EEPA.Producer", "EEPA.Producer\EEPA.Producer.csproj", "{C3E907AD-BAB9-40F9-8EF0-A5A1578A92BF}"
EndProject
Project("{FAE04EC0-301F-11D3-BF4B-00C04F79EFBC}") = "EEPA.Consumer", "EEPA.Consumer\EEPA.Consumer.csproj", "{CE578569-23B5-4A04-9176-D1457ED2D312}"
EndProject
Project("{FAE04EC0-301F-11D3-BF4B-00C04F79EFBC}") = "EEPA.Library", "EEPA.Library\EEPA.Library.csproj", "{7BD2F76A-9DA8-4C64-87FA-D46C44A1D162}"
EndProject
Global
	GlobalSection(SolutionConfigurationPlatforms) = preSolution
		Debug|Any CPU = Debug|Any CPU
		Release|Any CPU = Release|Any CPU
	EndGlobalSection
	GlobalSection(ProjectConfigurationPlatforms) = postSolution
		{FE199F18-1DAE-44FC-BB5F-EB3DE4DCB299}.Debug|Any CPU.ActiveCfg = Debug|Any CPU
		{FE199F18-1DAE-44FC-BB5F-EB3DE4DCB299}.Debug|Any CPU.Build.0 = Debug|Any CPU
		{FE199F18-1DAE-44FC-BB5F-EB3DE4DCB299}.Release|Any CPU.ActiveCfg = Release|Any CPU
		{FE199F18-1DAE-44FC-BB5F-EB3DE4DCB299}.Release|Any CPU.Build.0 = Release|Any CPU
		{599C0166-99F0-4FEC-8FA4-6DCCA7251C40}.Debug|Any CPU.ActiveCfg = Debug|Any CPU
		{599C0166-99F0-4FEC-8FA4-6DCCA7251C40}.Debug|Any CPU.Build.0 = Debug|Any CPU
		{599C0166-99F0-4FEC-8FA4-6DCCA7251C40}.Release|Any CPU.ActiveCfg = Release|Any CPU
		{599C0166-99F0-4FEC-8FA4-6DCCA7251C40}.Release|Any CPU.Build.0 = Release|Any CPU
		{C3E907AD-BAB9-40F9-8EF0-A5A1578A92BF}.Debug|Any CPU.ActiveCfg = Debug|Any CPU
		{C3E907AD-BAB9-40F9-8EF0-A5A1578A92BF}.Debug|Any CPU.Build.0 = Debug|Any CPU
		{C3E907AD-BAB9-40F9-8EF0-A5A1578A92BF}.Release|Any CPU.ActiveCfg = Release|Any CPU
		{C3E907AD-BAB9-40F9-8EF0-A5A1578A92BF}.Release|Any CPU.Build.0 = Release|Any CPU
		{CE578569-23B5-4A04-9176-D1457ED2D312}.Debug|Any CPU.ActiveCfg = Debug|Any CPU
		{CE578569-23B5-4A04-9176-D1457ED2D312}.Debug|Any CPU.Build.0 = Debug|Any CPU
		{CE578569-23B5-4A04-9176-D1457ED2D312}.Release|Any CPU.ActiveCfg = Release|Any CPU
		{CE578569-23B5-4A04-9176-D1457ED2D312}.Release|Any CPU.Build.0 = Release|Any CPU
		{7BD2F76A-9DA8-4C64-87FA-D46C44A1D162}.Debug|Any CPU.ActiveCfg = Debug|Any CPU
		{7BD2F76A-9DA8-4C64-87FA-D46C44A1D162}.Debug|Any CPU.Build.0 = Debug|Any CPU
		{7BD2F76A-9DA8-4C64-87FA-D46C44A1D162}.Release|Any CPU.ActiveCfg = Release|Any CPU
		{7BD2F76A-9DA8-4C64-87FA-D46C44A1D162}.Release|Any CPU.Build.0 = Release|Any CPU
	EndGlobalSection
	GlobalSection(SolutionProperties) = preSolution
		HideSolutionNode = FALSE
	EndGlobalSection
EndGlobal
